
Microsoft Visual Studio Solution File, Format Version 12.00
# Visual Studio Version 16
VisualStudioVersion = 16.0.30330.147
MinimumVisualStudioVersion = 10.0.40219.1
Project("{FAE04EC0-301F-11D3-BF4B-00C04F79EFBC}") = "Personal", "Personal\Personal.csproj", "{B0CD1A2E-DBFA-4AB7-80CB-72369DF8DE96}"
EndProject
Project("{FAE04EC0-301F-11D3-BF4B-00C04F79EFBC}") = "UnitTestPersonal", "UnitTestPersonal\UnitTestPersonal.csproj", "{5CCAD5B9-724B-45F9-B9C0-0F2BEDF09416}"
EndProject
Global
	GlobalSection(SolutionConfigurationPlatforms) = preSolution
		Debug|Any CPU = Debug|Any CPU
		Release|Any CPU = Release|Any CPU
	EndGlobalSection
	GlobalSection(ProjectConfigurationPlatforms) = postSolution
		{B0CD1A2E-DBFA-4AB7-80CB-72369DF8DE96}.Debug|Any CPU.ActiveCfg = Debug|Any CPU
		{B0CD1A2E-DBFA-4AB7-80CB-72369DF8DE96}.Debug|Any CPU.Build.0 = Debug|Any CPU
		{B0CD1A2E-DBFA-4AB7-80CB-72369DF8DE96}.Release|Any CPU.ActiveCfg = Release|Any CPU
		{B0CD1A2E-DBFA-4AB7-80CB-72369DF8DE96}.Release|Any CPU.Build.0 = Release|Any CPU
		{5CCAD5B9-724B-45F9-B9C0-0F2BEDF09416}.Debug|Any CPU.ActiveCfg = Debug|Any CPU
		{5CCAD5B9-724B-45F9-B9C0-0F2BEDF09416}.Debug|Any CPU.Build.0 = Debug|Any CPU
		{5CCAD5B9-724B-45F9-B9C0-0F2BEDF09416}.Release|Any CPU.ActiveCfg = Release|Any CPU
		{5CCAD5B9-724B-45F9-B9C0-0F2BEDF09416}.Release|Any CPU.Build.0 = Release|Any CPU
	EndGlobalSection
	GlobalSection(SolutionProperties) = preSolution
		HideSolutionNode = FALSE
	EndGlobalSection
	GlobalSection(ExtensibilityGlobals) = postSolution
		SolutionGuid = {F378EFF3-67D8-4D15-A3F4-4E4F6902E49A}
	EndGlobalSection
EndGlobal
